github.com/knei-knurow/frames v1.1.0-alpha h1:p307qI+4RCnjnoYes6vQQhwyJiPbHKfxOEc0zMNVLos=
github.com/knei-knurow/frames v1.1.0-alpha/go.mod h1:AlSXmIiJrGroKu/4wdnk/y6AcxqSXBDb4fk61xlE/cY=
github.com/knei-knurow/frames v1.1.0 h1:+A/m7g6yByU73sfY4h64JwqLqlK3TbG96UDdoLdHjLE=
github.com/knei-knurow/frames v1.1.0/go.mod h1:AlSXmIiJrGroKu/4wdnk/y6AcxqSXBDb4fk61xlE/cY=
github.com/tarm/serial v0.0.0-20180830185346-98f6abe2eb07 h1:UyzmZLoiDWMRywV4DUYb9Fbt8uiOSooupjTq10vpvnU=
github.com/tarm/serial v0.0.0-20180830185346-98f6abe2eb07/go.mod h1:kDXzergiv9cbyO7IOYJZWg1U88JhDg3PB6klq9Hg2pA=
golang.org/x/sys v0.0.0-20210611083646-a4fc73990273 h1:faDu4veV+8pcThn4fewv6TVlNCezafGoC1gM/mxQLbQ=
golang.org/x/sys v0.0.0-20210611083646-a4fc73990273/go.mod h1:oPkhp1MJrh7nUepCBck5+mAzfO9JrbApNNgaTdGDITg=
golang.org/x/sys v0.0.0-20210616094352-59db8d763f22 h1:RqytpXGR1iVNX7psjB3ff8y7sNFinVFvkx1c8SjBkio=
golang.org/x/sys v0.0.0-20210616094352-59db8d763f22/go.mod h1:oPkhp1MJrh7nUepCBck5+mAzfO9JrbApNNgaTdGDITg=
golang.org/x/sys v0.0.0-20211001092434-39dca1131b70 h1:pGleJoyD1yA5HfvuaksHxD0404gsEkNDerKsQ0N0y1s=
golang.org/x/sys v0.0.0-20211001092434-39dca1131b70/go.mod h1:oPkhp1MJrh7nUepCBck5+mAzfO9JrbApNNgaTdGDITg=
